
Microsoft Visual Studio Solution File, Format Version 12.00
# Visual Studio Version 16
VisualStudioVersion = 16.0.30413.136
MinimumVisualStudioVersion = 10.0.40219.1
Project("{FAE04EC0-301F-11D3-BF4B-00C04F79EFBC}") = "AndersonDiego", "AndersonDiego\AndersonDiego.csproj", "{DDF653C9-7C7D-4046-9481-7842B75F19A1}"
EndProject
Project("{FAE04EC0-301F-11D3-BF4B-00C04F79EFBC}") = "AndersonDiego.Tests", "AndersonDiego.Tests\AndersonDiego.Tests.csproj", "{84EBC082-70D7-44A3-B743-3E283AC2270C}"
EndProject
Global
	GlobalSection(SolutionConfigurationPlatforms) = preSolution
		Debug|Any CPU = Debug|Any CPU
		Release|Any CPU = Release|Any CPU
	EndGlobalSection
	GlobalSection(ProjectConfigurationPlatforms) = postSolution
		{DDF653C9-7C7D-4046-9481-7842B75F19A1}.Debug|Any CPU.ActiveCfg = Debug|Any CPU
		{DDF653C9-7C7D-4046-9481-7842B75F19A1}.Debug|Any CPU.Build.0 = Debug|Any CPU
		{DDF653C9-7C7D-4046-9481-7842B75F19A1}.Release|Any CPU.ActiveCfg = Release|Any CPU
		{DDF653C9-7C7D-4046-9481-7842B75F19A1}.Release|Any CPU.Build.0 = Release|Any CPU
		{84EBC082-70D7-44A3-B743-3E283AC2270C}.Debug|Any CPU.ActiveCfg = Debug|Any CPU
		{84EBC082-70D7-44A3-B743-3E283AC2270C}.Debug|Any CPU.Build.0 = Debug|Any CPU
		{84EBC082-70D7-44A3-B743-3E283AC2270C}.Release|Any CPU.ActiveCfg = Release|Any CPU
		{84EBC082-70D7-44A3-B743-3E283AC2270C}.Release|Any CPU.Build.0 = Release|Any CPU
	EndGlobalSection
	GlobalSection(SolutionProperties) = preSolution
		HideSolutionNode = FALSE
	EndGlobalSection
	GlobalSection(ExtensibilityGlobals) = postSolution
		SolutionGuid = {573F8EFB-EB18-4493-8D01-97A3B062378B}
	EndGlobalSection
EndGlobal
